
Microsoft Visual Studio Solution File, Format Version 12.00
# Visual Studio Version 17
VisualStudioVersion = 17.9.34701.34
MinimumVisualStudioVersion = 10.0.40219.1
Project("{FAE04EC0-301F-11D3-BF4B-00C04F79EFBC}") = "Caching", "Caching\Caching.csproj", "{963F0948-DFCE-4ABE-9496-FE99DA52EF52}"
EndProject
Project("{FAE04EC0-301F-11D3-BF4B-00C04F79EFBC}") = "DataAccessLibrary", "DataAccessLibrary\DataAccessLibrary.csproj", "{FDD1773D-FB49-4461-B6D5-B2CA3903013B}"
EndProject
Project("{FAE04EC0-301F-11D3-BF4B-00C04F79EFBC}") = "DataAccessLibrary.Tests", "DataAccess.Tests\DataAccessLibrary.Tests.csproj", "{B1A84541-EDCA-4553-8BB2-9602F4640747}"
EndProject
Global
	GlobalSection(SolutionConfigurationPlatforms) = preSolution
		Debug|Any CPU = Debug|Any CPU
		Release|Any CPU = Release|Any CPU
	EndGlobalSection
	GlobalSection(ProjectConfigurationPlatforms) = postSolution
		{963F0948-DFCE-4ABE-9496-FE99DA52EF52}.Debug|Any CPU.ActiveCfg = Debug|Any CPU
		{963F0948-DFCE-4ABE-9496-FE99DA52EF52}.Debug|Any CPU.Build.0 = Debug|Any CPU
		{963F0948-DFCE-4ABE-9496-FE99DA52EF52}.Release|Any CPU.ActiveCfg = Release|Any CPU
		{963F0948-DFCE-4ABE-9496-FE99DA52EF52}.Release|Any CPU.Build.0 = Release|Any CPU
		{FDD1773D-FB49-4461-B6D5-B2CA3903013B}.Debug|Any CPU.ActiveCfg = Debug|Any CPU
		{FDD1773D-FB49-4461-B6D5-B2CA3903013B}.Debug|Any CPU.Build.0 = Debug|Any CPU
		{FDD1773D-FB49-4461-B6D5-B2CA3903013B}.Release|Any CPU.ActiveCfg = Release|Any CPU
		{FDD1773D-FB49-4461-B6D5-B2CA3903013B}.Release|Any CPU.Build.0 = Release|Any CPU
		{B1A84541-EDCA-4553-8BB2-9602F4640747}.Debug|Any CPU.ActiveCfg = Debug|Any CPU
		{B1A84541-EDCA-4553-8BB2-9602F4640747}.Debug|Any CPU.Build.0 = Debug|Any CPU
		{B1A84541-EDCA-4553-8BB2-9602F4640747}.Release|Any CPU.ActiveCfg = Release|Any CPU
		{B1A84541-EDCA-4553-8BB2-9602F4640747}.Release|Any CPU.Build.0 = Release|Any CPU
	EndGlobalSection
	GlobalSection(SolutionProperties) = preSolution
		HideSolutionNode = FALSE
	EndGlobalSection
	GlobalSection(ExtensibilityGlobals) = postSolution
		SolutionGuid = {7DABC44B-0E86-41A5-BB7E-82F02278A9A5}
	EndGlobalSection
EndGlobal
